
Microsoft Visual Studio Solution File, Format Version 12.00
# Visual Studio Version 17
VisualStudioVersion = 17.5.002.0
MinimumVisualStudioVersion = 10.0.40219.1
Project("{9A19103F-16F7-4668-BE54-9A1E7A4F7556}") = "To_Do", "To_Do.csproj", "{F30BB765-C7F0-424B-A97C-C21F74AA09A9}"
EndProject
Global
	GlobalSection(SolutionConfigurationPlatforms) = preSolution
		Debug|Any CPU = Debug|Any CPU
		Release|Any CPU = Release|Any CPU
	EndGlobalSection
	GlobalSection(ProjectConfigurationPlatforms) = postSolution
		{F30BB765-C7F0-424B-A97C-C21F74AA09A9}.Debug|Any CPU.ActiveCfg = Debug|Any CPU
		{F30BB765-C7F0-424B-A97C-C21F74AA09A9}.Debug|Any CPU.Build.0 = Debug|Any CPU
		{F30BB765-C7F0-424B-A97C-C21F74AA09A9}.Release|Any CPU.ActiveCfg = Release|Any CPU
		{F30BB765-C7F0-424B-A97C-C21F74AA09A9}.Release|Any CPU.Build.0 = Release|Any CPU
	EndGlobalSection
	GlobalSection(SolutionProperties) = preSolution
		HideSolutionNode = FALSE
	EndGlobalSection
	GlobalSection(ExtensibilityGlobals) = postSolution
		SolutionGuid = {B3B8B29F-66EB-49C0-BBBC-3A0775E2F8A1}
	EndGlobalSection
EndGlobal
